PODS:
  - Alamofire (4.5.1)
  - FoursquareAPIClient (4.0.0)
  - SwiftLocation (3.0.1-beta):
    - SwiftyJSON (~> 4.0.0-alpha.1)
  - SwiftyJSON (4.0.0-alpha.1)

DEPENDENCIES:
  - Alamofire
  - FoursquareAPIClient
  - SwiftLocation (~> 3.0.1-beta)
  - SwiftyJSON (~> 4.0.0-alpha.1)

SPEC CHECKSUMS:
  Alamofire: 2d95912bf4c34f164fdfc335872e8c312acaea4a
  FoursquareAPIClient: 02c86b352aab28a538c9947b3b62097deafe5159
  SwiftLocation: 1dce79e78113fe14c0f95589e32c9da8a983d9c3
  SwiftyJSON: dc88934f85fb50b263b1632b9cbad3402505783e

PODFILE CHECKSUM: 07d104929c6a3b216b9ce29a8e55188082f00848

COCOAPODS: 1.3.1
